
Microsoft Visual Studio Solution File, Format Version 12.00
# Visual Studio Version 17
VisualStudioVersion = 17.4.33213.308
MinimumVisualStudioVersion = 10.0.40219.1
Project("{FAE04EC0-301F-11D3-BF4B-00C04F79EFBC}") = "Restful_API", "Restful_API\Restful_API.csproj", "{C5139141-B8A4-4BE9-A247-9FFA91CBA947}"
EndProject
Global
	GlobalSection(SolutionConfigurationPlatforms) = preSolution
		Debug|Any CPU = Debug|Any CPU
		Release|Any CPU = Release|Any CPU
	EndGlobalSection
	GlobalSection(ProjectConfigurationPlatforms) = postSolution
		{C5139141-B8A4-4BE9-A247-9FFA91CBA947}.Debug|Any CPU.ActiveCfg = Debug|Any CPU
		{C5139141-B8A4-4BE9-A247-9FFA91CBA947}.Debug|Any CPU.Build.0 = Debug|Any CPU
		{C5139141-B8A4-4BE9-A247-9FFA91CBA947}.Release|Any CPU.ActiveCfg = Release|Any CPU
		{C5139141-B8A4-4BE9-A247-9FFA91CBA947}.Release|Any CPU.Build.0 = Release|Any CPU
	EndGlobalSection
	GlobalSection(SolutionProperties) = preSolution
		HideSolutionNode = FALSE
	EndGlobalSection
	GlobalSection(ExtensibilityGlobals) = postSolution
		SolutionGuid = {DDFFC5EB-3989-4A38-9396-753C9408B618}
	EndGlobalSection
EndGlobal
